PODS:
  - Alamofire (4.7.2)
  - CountryPickerView (2.1.0)
  - libPhoneNumber-iOS (0.9.13)

DEPENDENCIES:
  - Alamofire
  - CountryPickerView
  - libPhoneNumber-iOS (~> 0.8)

SPEC REPOS:
  https://github.com/cocoapods/specs.git:
    - Alamofire
    - CountryPickerView
    - libPhoneNumber-iOS

SPEC CHECKSUMS:
  Alamofire: e4fa87002c137ba2d8d634d2c51fabcda0d5c223
  CountryPickerView: 25a85d08e993e2ed7d3f06d59bb66017851115ff
  libPhoneNumber-iOS: e444379ac18bbfbdefad571da735b2cd7e096caa

PODFILE CHECKSUM: 916ac7077f0d93c9e995ebd910c32d3b87fa6e66

COCOAPODS: 1.5.2
